<Solution>
  <Folder Name="/doc/" />
  <Folder Name="/src/">
    <Project Path="src/BlaisePascal.Esempi.Console/BlaisePascal.Esempi.Console.csproj" Id="282fd07c-368b-48a2-a745-9cacb3519685" />
    <Project Path="src/BlaisePascal.esempi.Domain/BlaisePascal.esempi.Domain.csproj" />
  </Folder>
  <Folder Name="/test/">
    <Project Path="test/BlaisePascal.Esempi.UnitTest/BlaisePascal.Esempi.UnitTest.csproj" Id="8800b46d-e94d-406f-8f9c-a2c1f7dcbc50" />
  </Folder>
</Solution>
